
Microsoft Visual Studio Solution File, Format Version 12.00
# Visual Studio Version 17
VisualStudioVersion = 17.8.34330.188
MinimumVisualStudioVersion = 10.0.40219.1
Project("{9A19103F-16F7-4668-BE54-9A1E7A4F7556}") = "Auth", "Auth\Auth.csproj", "{DCDB4059-5E46-4B21-ADD0-CD90E29787D1}"
EndProject
Project("{9A19103F-16F7-4668-BE54-9A1E7A4F7556}") = "Coupon", "Coupon\Coupon.csproj", "{116D9398-D13D-4FE3-9D96-02C908894AEA}"
EndProject
Project("{9A19103F-16F7-4668-BE54-9A1E7A4F7556}") = "Email", "Email\Email.csproj", "{2BF7B5FE-DE03-429C-9BA7-E7062AACF5FD}"
EndProject
Project("{9A19103F-16F7-4668-BE54-9A1E7A4F7556}") = "EcomMessageBus", "EcomMessageBus\EcomMessageBus.csproj", "{45243EC9-5288-4527-AA52-645D96FCF0B1}"
EndProject
Project("{9A19103F-16F7-4668-BE54-9A1E7A4F7556}") = "Product", "Product\Product.csproj", "{2A39629E-1FC3-4B56-A0B5-1F3A76D11C46}"
EndProject
Project("{FAE04EC0-301F-11D3-BF4B-00C04F79EFBC}") = "Server", "Server\Server.csproj", "{C1465AAE-E062-4868-9E69-B707FD2FD262}"
EndProject
Global
	GlobalSection(SolutionConfigurationPlatforms) = preSolution
		Debug|Any CPU = Debug|Any CPU
		Release|Any CPU = Release|Any CPU
	EndGlobalSection
	GlobalSection(ProjectConfigurationPlatforms) = postSolution
		{DCDB4059-5E46-4B21-ADD0-CD90E29787D1}.Debug|Any CPU.ActiveCfg = Debug|Any CPU
		{DCDB4059-5E46-4B21-ADD0-CD90E29787D1}.Debug|Any CPU.Build.0 = Debug|Any CPU
		{DCDB4059-5E46-4B21-ADD0-CD90E29787D1}.Release|Any CPU.ActiveCfg = Release|Any CPU
		{DCDB4059-5E46-4B21-ADD0-CD90E29787D1}.Release|Any CPU.Build.0 = Release|Any CPU
		{116D9398-D13D-4FE3-9D96-02C908894AEA}.Debug|Any CPU.ActiveCfg = Debug|Any CPU
		{116D9398-D13D-4FE3-9D96-02C908894AEA}.Debug|Any CPU.Build.0 = Debug|Any CPU
		{116D9398-D13D-4FE3-9D96-02C908894AEA}.Release|Any CPU.ActiveCfg = Release|Any CPU
		{116D9398-D13D-4FE3-9D96-02C908894AEA}.Release|Any CPU.Build.0 = Release|Any CPU
		{2BF7B5FE-DE03-429C-9BA7-E7062AACF5FD}.Debug|Any CPU.ActiveCfg = Debug|Any CPU
		{2BF7B5FE-DE03-429C-9BA7-E7062AACF5FD}.Debug|Any CPU.Build.0 = Debug|Any CPU
		{2BF7B5FE-DE03-429C-9BA7-E7062AACF5FD}.Release|Any CPU.ActiveCfg = Release|Any CPU
		{2BF7B5FE-DE03-429C-9BA7-E7062AACF5FD}.Release|Any CPU.Build.0 = Release|Any CPU
		{45243EC9-5288-4527-AA52-645D96FCF0B1}.Debug|Any CPU.ActiveCfg = Debug|Any CPU
		{45243EC9-5288-4527-AA52-645D96FCF0B1}.Debug|Any CPU.Build.0 = Debug|Any CPU
		{45243EC9-5288-4527-AA52-645D96FCF0B1}.Release|Any CPU.ActiveCfg = Release|Any CPU
		{45243EC9-5288-4527-AA52-645D96FCF0B1}.Release|Any CPU.Build.0 = Release|Any CPU
		{2A39629E-1FC3-4B56-A0B5-1F3A76D11C46}.Debug|Any CPU.ActiveCfg = Debug|Any CPU
		{2A39629E-1FC3-4B56-A0B5-1F3A76D11C46}.Debug|Any CPU.Build.0 = Debug|Any CPU
		{2A39629E-1FC3-4B56-A0B5-1F3A76D11C46}.Release|Any CPU.ActiveCfg = Release|Any CPU
		{2A39629E-1FC3-4B56-A0B5-1F3A76D11C46}.Release|Any CPU.Build.0 = Release|Any CPU
		{C1465AAE-E062-4868-9E69-B707FD2FD262}.Debug|Any CPU.ActiveCfg = Debug|Any CPU
		{C1465AAE-E062-4868-9E69-B707FD2FD262}.Debug|Any CPU.Build.0 = Debug|Any CPU
		{C1465AAE-E062-4868-9E69-B707FD2FD262}.Release|Any CPU.ActiveCfg = Release|Any CPU
		{C1465AAE-E062-4868-9E69-B707FD2FD262}.Release|Any CPU.Build.0 = Release|Any CPU
	EndGlobalSection
	GlobalSection(SolutionProperties) = preSolution
		HideSolutionNode = FALSE
	EndGlobalSection
	GlobalSection(ExtensibilityGlobals) = postSolution
		SolutionGuid = {5CECFBEC-CF3E-4992-A3AC-F66FC11066DC}
	EndGlobalSection
EndGlobal
